{
  "version": "2",
  "remote": {
    "https://deno.land/std@0.202.0/dotenv/load.ts": "0636983549b98f29ab75c9a22a42d9723f0a389ece5498fe971e7bb2556a12e2",
    "https://deno.land/std@0.202.0/dotenv/mod.ts": "1da8c6d0e7f7d8a5c2b19400b763bc11739df24acec235dda7ea2cfd3d300057",
    "https://deno.land/std@0.203.0/uuid/_common.ts": "cb1441f4df460571fc0919e1c5c217f3e7006189b703caf946604b3f791ae34d",
    "https://deno.land/std@0.203.0/uuid/v1.ts": "fe36009afce7ced96e1b5928565e12c5a8eb0df1a2b5063c0a72bda6b75c0de5"
  },
  "npm": {
    "specifiers": {
      "ws@8.14.2": "ws@8.14.2"
    },
    "packages": {
      "ws@8.14.2": {
        "integrity": "sha512-wEBG1ftX4jcglPxgFCMJmZ2PLtSbJ2Peg6TmpJFTbe9GZYOQCDPdMYu/Tm0/bGZkw8paZnJY45J4K2PZrLYq8g==",
        "dependencies": {}
      }
    }
  }
}
